{
  "version": 4,
  "terraform_version": "0.12.7",
  "serial": 125,
  "lineage": "72fd6b03-c872-5a52-918a-33047ab18186",
  "outputs": {
    "cluster_name": {
      "value": "geniusee.local",
      "type": "string"
    },
    "master_autoscaling_group_ids": {
      "value": [
        "master-us-east-1a.masters.geniusee.local",
        "master-us-east-1b.masters.geniusee.local",
        "master-us-east-1c.masters.geniusee.local"
      ],
      "type": [
        "tuple",
        [
          "string",
          "string",
          "string"
        ]
      ]
    },
    "master_security_group_ids": {
      "value": [
        "sg-0caa959ff651e1d5d"
      ],
      "type": [
        "tuple",
        [
          "string"
        ]
      ]
    },
    "masters_role_arn": {
      "value": "arn:aws:iam::329002494659:role/masters.geniusee.local",
      "type": "string"
    },
    "masters_role_name": {
      "value": "masters.geniusee.local",
      "type": "string"
    },
    "node_autoscaling_group_ids": {
      "value": [
        "nodes.geniusee.local"
      ],
      "type": [
        "tuple",
        [
          "string"
        ]
      ]
    },
    "node_security_group_ids": {
      "value": [
        "sg-063e95f81276ee0ea"
      ],
      "type": [
        "tuple",
        [
          "string"
        ]
      ]
    },
    "node_subnet_ids": {
      "value": [
        "subnet-0b7addb15bddffbf6",
        "subnet-0bf09ae5bd28f8587",
        "subnet-0f8a9151eab8a79fa"
      ],
      "type": [
        "tuple",
        [
          "string",
          "string",
          "string"
        ]
      ]
    },
    "nodes_role_arn": {
      "value": "arn:aws:iam::329002494659:role/nodes.geniusee.local",
      "type": "string"
    },
    "nodes_role_name": {
      "value": "nodes.geniusee.local",
      "type": "string"
    },
    "region": {
      "value": "us-east-1",
      "type": "string"
    },
    "subnet_ids": {
      "value": [
        "subnet-04a4fe9bc92314834",
        "subnet-065d74ee3e9423a6d",
        "subnet-08243cd9b8ae816e1",
        "subnet-0b7addb15bddffbf6",
        "subnet-0bf09ae5bd28f8587",
        "subnet-0f8a9151eab8a79fa"
      ],
      "type": [
        "tuple",
        [
          "string",
          "string",
          "string",
          "string",
          "string",
          "string"
        ]
      ]
    },
    "subnet_us-east-1a_id": {
      "value": "subnet-0bf09ae5bd28f8587",
      "type": "string"
    },
    "subnet_us-east-1b_id": {
      "value": "subnet-0b7addb15bddffbf6",
      "type": "string"
    },
    "subnet_us-east-1c_id": {
      "value": "subnet-0f8a9151eab8a79fa",
      "type": "string"
    },
    "subnet_utility-us-east-1a_id": {
      "value": "subnet-065d74ee3e9423a6d",
      "type": "string"
    },
    "subnet_utility-us-east-1b_id": {
      "value": "subnet-08243cd9b8ae816e1",
      "type": "string"
    },
    "subnet_utility-us-east-1c_id": {
      "value": "subnet-04a4fe9bc92314834",
      "type": "string"
    },
    "vpc_id": {
      "value": "vpc-02db6b8cd1dd7bd00",
      "type": "string"
    }
  },
  "resources": [
    {
      "mode": "managed",
      "type": "aws_autoscaling_attachment",
      "name": "master-us-east-1a-masters-geniusee-local",
      "provider": "provider.aws",
      "instances": [
        {
          "schema_version": 0,
          "attributes": {
            "alb_target_group_arn": null,
            "autoscaling_group_name": "master-us-east-1a.masters.geniusee.local",
            "elb": "api-geniusee-local-1o51g9",
            "id": "master-us-east-1a.masters.geniusee.local-20191216105611868500000005"
          },
          "private": "bnVsbA==",
          "depends_on": [
            "aws_autoscaling_group.master-us-east-1a-masters-geniusee-local",
            "aws_elb.api-geniusee-local"
          ]
        }
      ]
    },
    {
      "mode": "managed",
      "type": "aws_autoscaling_attachment",
      "name": "master-us-east-1b-masters-geniusee-local",
      "provider": "provider.aws",
      "instances": [
        {
          "schema_version": 0,
          "attributes": {
            "alb_target_group_arn": null,
            "autoscaling_group_name": "master-us-east-1b.masters.geniusee.local",
            "elb": "api-geniusee-local-1o51g9",
            "id": "master-us-east-1b.masters.geniusee.local-20191216105611974600000007"
          },
          "private": "bnVsbA==",
          "depends_on": [
            "aws_autoscaling_group.master-us-east-1b-masters-geniusee-local",
            "aws_elb.api-geniusee-local"
          ]
        }
      ]
    },
    {
      "mode": "managed",
      "type": "aws_autoscaling_attachment",
      "name": "master-us-east-1c-masters-geniusee-local",
      "provider": "provider.aws",
      "instances": [
        {
          "schema_version": 0,
          "attributes": {
            "alb_target_group_arn": null,
            "autoscaling_group_name": "master-us-east-1c.masters.geniusee.local",
            "elb": "api-geniusee-local-1o51g9",
            "id": "master-us-east-1c.masters.geniusee.local-20191216105611895000000006"
          },
          "private": "bnVsbA==",
          "depends_on": [
            "aws_autoscaling_group.master-us-east-1c-masters-geniusee-local",
            "aws_elb.api-geniusee-local"
          ]
        }
      ]
    },
    {
      "mode": "managed",
      "type": "aws_autoscaling_group",
      "name": "master-us-east-1a-masters-geniusee-local",
      "provider": "provider.aws",
      "instances": [
        {
          "schema_version": 0,
          "attributes": {
            "arn": "arn:aws:autoscaling:us-east-1:329002494659:autoScalingGroup:b780f56d-aa8c-40d8-98b8-c75e2e2c2433:autoScalingGroupName/master-us-east-1a.masters.geniusee.local",
            "availability_zones": [
              "us-east-1a"
            ],
            "default_cooldown": 300,
            "desired_capacity": 1,
            "enabled_metrics": [
              "GroupDesiredCapacity",
              "GroupInServiceInstances",
              "GroupMaxSize",
              "GroupMinSize",
              "GroupPendingInstances",
              "GroupStandbyInstances",
              "GroupTerminatingInstances",
              "GroupTotalInstances"
            ],
            "force_delete": false,
            "health_check_grace_period": 300,
            "health_check_type": "EC2",
            "id": "master-us-east-1a.masters.geniusee.local",
            "initial_lifecycle_hook": [],
            "launch_configuration": "master-us-east-1a.masters.geniusee.local-20191216105413440400000004",
            "launch_template": [],
            "load_balancers": [],
            "max_instance_lifetime": 0,
            "max_size": 1,
            "metrics_granularity": "1Minute",
            "min_elb_capacity": null,
            "min_size": 1,
            "mixed_instances_policy": [],
            "name": "master-us-east-1a.masters.geniusee.local",
            "name_prefix": null,
            "placement_group": "",
            "protect_from_scale_in": false,
            "service_linked_role_arn": "arn:aws:iam::329002494659:role/aws-service-role/autoscaling.amazonaws.com/AWSServiceRoleForAutoScaling",
            "suspended_processes": null,
            "tag": [
              {
                "key": "KubernetesCluster",
                "propagate_at_launch": true,
                "value": "geniusee.local"
              },
              {
                "key": "Name",
                "propagate_at_launch": true,
                "value": "master-us-east-1a.masters.geniusee.local"
              },
              {
                "key": "k8s.io/role/master",
                "propagate_at_launch": true,
                "value": "1"
              },
              {
                "key": "kops.k8s.io/instancegroup",
                "propagate_at_launch": true,
                "value": "master-us-east-1a"
              }
            ],
            "tags": null,
            "target_group_arns": [],
            "termination_policies": null,
            "timeouts": null,
            "vpc_zone_identifier": [
              "subnet-0bf09ae5bd28f8587"
            ],
            "wait_for_capacity_timeout": "10m",
            "wait_for_elb_capacity": null
          },
          "private": "eyJlMmJmYjczMC1lY2FhLTExZTYtOGY4OC0zNDM2M2JjN2M0YzAiOnsiZGVsZXRlIjo2MDAwMDAwMDAwMDB9fQ==",
          "depends_on": [
            "aws_launch_configuration.master-us-east-1a-masters-geniusee-local"
          ]
        }
      ]
    },
    {
      "mode": "managed",
      "type": "aws_autoscaling_group",
      "name": "master-us-east-1b-masters-geniusee-local",
      "provider": "provider.aws",
      "instances": [
        {
          "schema_version": 0,
          "attributes": {
            "arn": "arn:aws:autoscaling:us-east-1:329002494659:autoScalingGroup:70444579-34b4-49dc-be7f-b13912c1c5cc:autoScalingGroupName/master-us-east-1b.masters.geniusee.local",
            "availability_zones": [
              "us-east-1b"
            ],
            "default_cooldown": 300,
            "desired_capacity": 1,
            "enabled_metrics": [
              "GroupDesiredCapacity",
              "GroupInServiceInstances",
              "GroupMaxSize",
              "GroupMinSize",
              "GroupPendingInstances",
              "GroupStandbyInstances",
              "GroupTerminatingInstances",
              "GroupTotalInstances"
            ],
            "force_delete": false,
            "health_check_grace_period": 300,
            "health_check_type": "EC2",
            "id": "master-us-east-1b.masters.geniusee.local",
            "initial_lifecycle_hook": [],
            "launch_configuration": "master-us-east-1b.masters.geniusee.local-20191216105413435800000003",
            "launch_template": [],
            "load_balancers": [],
            "max_instance_lifetime": 0,
            "max_size": 1,
            "metrics_granularity": "1Minute",
            "min_elb_capacity": null,
            "min_size": 1,
            "mixed_instances_policy": [],
            "name": "master-us-east-1b.masters.geniusee.local",
            "name_prefix": null,
            "placement_group": "",
            "protect_from_scale_in": false,
            "service_linked_role_arn": "arn:aws:iam::329002494659:role/aws-service-role/autoscaling.amazonaws.com/AWSServiceRoleForAutoScaling",
            "suspended_processes": null,
            "tag": [
              {
                "key": "KubernetesCluster",
                "propagate_at_launch": true,
                "value": "geniusee.local"
              },
              {
                "key": "Name",
                "propagate_at_launch": true,
                "value": "master-us-east-1b.masters.geniusee.local"
              },
              {
                "key": "k8s.io/role/master",
                "propagate_at_launch": true,
                "value": "1"
              },
              {
                "key": "kops.k8s.io/instancegroup",
                "propagate_at_launch": true,
                "value": "master-us-east-1b"
              }
            ],
            "tags": null,
            "target_group_arns": [],
            "termination_policies": null,
            "timeouts": null,
            "vpc_zone_identifier": [
              "subnet-0b7addb15bddffbf6"
            ],
            "wait_for_capacity_timeout": "10m",
            "wait_for_elb_capacity": null
          },
          "private": "eyJlMmJmYjczMC1lY2FhLTExZTYtOGY4OC0zNDM2M2JjN2M0YzAiOnsiZGVsZXRlIjo2MDAwMDAwMDAwMDB9fQ==",
          "depends_on": [
            "aws_launch_configuration.master-us-east-1b-masters-geniusee-local"
          ]
        }
      ]
    },
    {
      "mode": "managed",
      "type": "aws_autoscaling_group",
      "name": "master-us-east-1c-masters-geniusee-local",
      "provider": "provider.aws",
      "instances": [
        {
          "schema_version": 0,
          "attributes": {
            "arn": "arn:aws:autoscaling:us-east-1:329002494659:autoScalingGroup:98a6dad3-7b89-4dca-9fd0-f267639e2164:autoScalingGroupName/master-us-east-1c.masters.geniusee.local",
            "availability_zones": [
              "us-east-1c"
            ],
            "default_cooldown": 300,
            "desired_capacity": 1,
            "enabled_metrics": [
              "GroupDesiredCapacity",
              "GroupInServiceInstances",
              "GroupMaxSize",
              "GroupMinSize",
              "GroupPendingInstances",
              "GroupStandbyInstances",
              "GroupTerminatingInstances",
              "GroupTotalInstances"
            ],
            "force_delete": false,
            "health_check_grace_period": 300,
            "health_check_type": "EC2",
            "id": "master-us-east-1c.masters.geniusee.local",
            "initial_lifecycle_hook": [],
            "launch_configuration": "master-us-east-1c.masters.geniusee.local-20191216105413416000000002",
            "launch_template": [],
            "load_balancers": [],
            "max_instance_lifetime": 0,
            "max_size": 1,
            "metrics_granularity": "1Minute",
            "min_elb_capacity": null,
            "min_size": 1,
            "mixed_instances_policy": [],
            "name": "master-us-east-1c.masters.geniusee.local",
            "name_prefix": null,
            "placement_group": "",
            "protect_from_scale_in": false,
            "service_linked_role_arn": "arn:aws:iam::329002494659:role/aws-service-role/autoscaling.amazonaws.com/AWSServiceRoleForAutoScaling",
            "suspended_processes": null,
            "tag": [
              {
                "key": "KubernetesCluster",
                "propagate_at_launch": true,
                "value": "geniusee.local"
              },
              {
                "key": "Name",
                "propagate_at_launch": true,
                "value": "master-us-east-1c.masters.geniusee.local"
              },
              {
                "key": "k8s.io/role/master",
                "propagate_at_launch": true,
                "value": "1"
              },
              {
                "key": "kops.k8s.io/instancegroup",
                "propagate_at_launch": true,
                "value": "master-us-east-1c"
              }
            ],
            "tags": null,
            "target_group_arns": [],
            "termination_policies": null,
            "timeouts": null,
            "vpc_zone_identifier": [
              "subnet-0f8a9151eab8a79fa"
            ],
            "wait_for_capacity_timeout": "10m",
            "wait_for_elb_capacity": null
          },
          "private": "eyJlMmJmYjczMC1lY2FhLTExZTYtOGY4OC0zNDM2M2JjN2M0YzAiOnsiZGVsZXRlIjo2MDAwMDAwMDAwMDB9fQ==",
          "depends_on": [
            "aws_launch_configuration.master-us-east-1c-masters-geniusee-local"
          ]
        }
      ]
    },
    {
      "mode": "managed",
      "type": "aws_autoscaling_group",
      "name": "nodes-geniusee-local",
      "provider": "provider.aws",
      "instances": [
        {
          "schema_version": 0,
          "attributes": {
            "arn": "arn:aws:autoscaling:us-east-1:329002494659:autoScalingGroup:7149e048-63e7-4164-aa50-9a874c45f645:autoScalingGroupName/nodes.geniusee.local",
            "availability_zones": [
              "us-east-1a",
              "us-east-1b",
              "us-east-1c"
            ],
            "default_cooldown": 300,
            "desired_capacity": 2,
            "enabled_metrics": [
              "GroupDesiredCapacity",
              "GroupInServiceInstances",
              "GroupMaxSize",
              "GroupMinSize",
              "GroupPendingInstances",
              "GroupStandbyInstances",
              "GroupTerminatingInstances",
              "GroupTotalInstances"
            ],
            "force_delete": false,
            "health_check_grace_period": 300,
            "health_check_type": "EC2",
            "id": "nodes.geniusee.local",
            "initial_lifecycle_hook": [],
            "launch_configuration": "nodes.geniusee.local-20191216105413412200000001",
            "launch_template": [],
            "load_balancers": [],
            "max_instance_lifetime": 0,
            "max_size": 2,
            "metrics_granularity": "1Minute",
            "min_elb_capacity": null,
            "min_size": 2,
            "mixed_instances_policy": [],
            "name": "nodes.geniusee.local",
            "name_prefix": null,
            "placement_group": "",
            "protect_from_scale_in": false,
            "service_linked_role_arn": "arn:aws:iam::329002494659:role/aws-service-role/autoscaling.amazonaws.com/AWSServiceRoleForAutoScaling",
            "suspended_processes": null,
            "tag": [
              {
                "key": "KubernetesCluster",
                "propagate_at_launch": true,
                "value": "geniusee.local"
              },
              {
                "key": "Name",
                "propagate_at_launch": true,
                "value": "nodes.geniusee.local"
              },
              {
                "key": "k8s.io/role/node",
                "propagate_at_launch": true,
                "value": "1"
              },
              {
                "key": "kops.k8s.io/instancegroup",
                "propagate_at_launch": true,
                "value": "nodes"
              }
            ],
            "tags": null,
            "target_group_arns": [],
            "termination_policies": null,
            "timeouts": null,
            "vpc_zone_identifier": [
              "subnet-0b7addb15bddffbf6",
              "subnet-0bf09ae5bd28f8587",
              "subnet-0f8a9151eab8a79fa"
            ],
            "wait_for_capacity_timeout": "10m",
            "wait_for_elb_capacity": null
          },
          "private": "eyJlMmJmYjczMC1lY2FhLTExZTYtOGY4OC0zNDM2M2JjN2M0YzAiOnsiZGVsZXRlIjo2MDAwMDAwMDAwMDB9fQ==",
          "depends_on": [
            "aws_launch_configuration.nodes-geniusee-local"
          ]
        }
      ]
    },
    {
      "mode": "managed",
      "type": "aws_ebs_volume",
      "name": "a-etcd-events-geniusee-local",
      "provider": "provider.aws",
      "instances": [
        {
          "schema_version": 0,
          "attributes": {
            "arn": "arn:aws:ec2:us-east-1:329002494659:volume/vol-013cf0957afeca32a",
            "availability_zone": "us-east-1a",
            "encrypted": false,
            "id": "vol-013cf0957afeca32a",
            "iops": 100,
            "kms_key_id": "",
            "size": 20,
            "snapshot_id": "",
            "tags": {
              "KubernetesCluster": "geniusee.local",
              "Name": "a.etcd-events.geniusee.local",
              "k8s.io/etcd/events": "a/a,b,c",
              "k8s.io/role/master": "1",
              "kubernetes.io/cluster/geniusee.local": "owned"
            },
            "type": "gp2"
          },
          "private": "bnVsbA=="
        }
      ]
    },
    {
      "mode": "managed",
      "type": "aws_ebs_volume",
      "name": "a-etcd-main-geniusee-local",
      "provider": "provider.aws",
      "instances": [
        {
          "schema_version": 0,
          "attributes": {
            "arn": "arn:aws:ec2:us-east-1:329002494659:volume/vol-06a5c6f1a9ee3dbc6",
            "availability_zone": "us-east-1a",
            "encrypted": false,
            "id": "vol-06a5c6f1a9ee3dbc6",
            "iops": 100,
            "kms_key_id": "",
            "size": 20,
            "snapshot_id": "",
            "tags": {
              "KubernetesCluster": "geniusee.local",
              "Name": "a.etcd-main.geniusee.local",
              "k8s.io/etcd/main": "a/a,b,c",
              "k8s.io/role/master": "1",
              "kubernetes.io/cluster/geniusee.local": "owned"
            },
            "type": "gp2"
          },
          "private": "bnVsbA=="
        }
      ]
    },
    {
      "mode": "managed",
      "type": "aws_ebs_volume",
      "name": "b-etcd-events-geniusee-local",
      "provider": "provider.aws",
      "instances": [
        {
          "schema_version": 0,
          "attributes": {
            "arn": "arn:aws:ec2:us-east-1:329002494659:volume/vol-0e962e2e162585c19",
            "availability_zone": "us-east-1b",
            "encrypted": false,
            "id": "vol-0e962e2e162585c19",
            "iops": 100,
            "kms_key_id": "",
            "size": 20,
            "snapshot_id": "",
            "tags": {
              "KubernetesCluster": "geniusee.local",
              "Name": "b.etcd-events.geniusee.local",
              "k8s.io/etcd/events": "b/a,b,c",
              "k8s.io/role/master": "1",
              "kubernetes.io/cluster/geniusee.local": "owned"
            },
            "type": "gp2"
          },
          "private": "bnVsbA=="
        }
      ]
    },
    {
      "mode": "managed",
      "type": "aws_ebs_volume",
      "name": "b-etcd-main-geniusee-local",
      "provider": "provider.aws",
      "instances": [
        {
          "schema_version": 0,
          "attributes": {
            "arn": "arn:aws:ec2:us-east-1:329002494659:volume/vol-085176dfacca48cbc",
            "availability_zone": "us-east-1b",
            "encrypted": false,
            "id": "vol-085176dfacca48cbc",
            "iops": 100,
            "kms_key_id": "",
            "size": 20,
            "snapshot_id": "",
            "tags": {
              "KubernetesCluster": "geniusee.local",
              "Name": "b.etcd-main.geniusee.local",
              "k8s.io/etcd/main": "b/a,b,c",
              "k8s.io/role/master": "1",
              "kubernetes.io/cluster/geniusee.local": "owned"
            },
            "type": "gp2"
          },
          "private": "bnVsbA=="
        }
      ]
    },
    {
      "mode": "managed",
      "type": "aws_ebs_volume",
      "name": "c-etcd-events-geniusee-local",
      "provider": "provider.aws",
      "instances": [
        {
          "schema_version": 0,
          "attributes": {
            "arn": "arn:aws:ec2:us-east-1:329002494659:volume/vol-01e00a911b3e21e93",
            "availability_zone": "us-east-1c",
            "encrypted": false,
            "id": "vol-01e00a911b3e21e93",
            "iops": 100,
            "kms_key_id": "",
            "size": 20,
            "snapshot_id": "",
            "tags": {
              "KubernetesCluster": "geniusee.local",
              "Name": "c.etcd-events.geniusee.local",
              "k8s.io/etcd/events": "c/a,b,c",
              "k8s.io/role/master": "1",
              "kubernetes.io/cluster/geniusee.local": "owned"
            },
            "type": "gp2"
          },
          "private": "bnVsbA=="
        }
      ]
    },
    {
      "mode": "managed",
      "type": "aws_ebs_volume",
      "name": "c-etcd-main-geniusee-local",
      "provider": "provider.aws",
      "instances": [
        {
          "schema_version": 0,
          "attributes": {
            "arn": "arn:aws:ec2:us-east-1:329002494659:volume/vol-0cb5e73aa9c42ba71",
            "availability_zone": "us-east-1c",
            "encrypted": false,
            "id": "vol-0cb5e73aa9c42ba71",
            "iops": 100,
            "kms_key_id": "",
            "size": 20,
            "snapshot_id": "",
            "tags": {
              "KubernetesCluster": "geniusee.local",
              "Name": "c.etcd-main.geniusee.local",
              "k8s.io/etcd/main": "c/a,b,c",
              "k8s.io/role/master": "1",
              "kubernetes.io/cluster/geniusee.local": "owned"
            },
            "type": "gp2"
          },
          "private": "bnVsbA=="
        }
      ]
    },
    {
      "mode": "managed",
      "type": "aws_elb",
      "name": "api-geniusee-local",
      "provider": "provider.aws",
      "instances": [
        {
          "schema_version": 0,
          "attributes": {
            "access_logs": [],
            "arn": "arn:aws:elasticloadbalancing:us-east-1:329002494659:loadbalancer/api-geniusee-local-1o51g9",
            "availability_zones": [
              "us-east-1a",
              "us-east-1b",
              "us-east-1c"
            ],
            "connection_draining": false,
            "connection_draining_timeout": 300,
            "cross_zone_load_balancing": false,
            "dns_name": "api-geniusee-local-1o51g9-681115547.us-east-1.elb.amazonaws.com",
            "health_check": [
              {
                "healthy_threshold": 2,
                "interval": 10,
                "target": "SSL:443",
                "timeout": 5,
                "unhealthy_threshold": 2
              }
            ],
            "id": "api-geniusee-local-1o51g9",
            "idle_timeout": 300,
            "instances": [],
            "internal": false,
            "listener": [
              {
                "instance_port": 443,
                "instance_protocol": "TCP",
                "lb_port": 443,
                "lb_protocol": "TCP",
                "ssl_certificate_id": ""
              }
            ],
            "name": "api-geniusee-local-1o51g9",
            "name_prefix": null,
            "security_groups": [
              "sg-07b12a239380b85f7",
              "sg-099912f6ac3cb77d8"
            ],
            "source_security_group": "329002494659/api-elb.geniusee.local",
            "source_security_group_id": "sg-099912f6ac3cb77d8",
            "subnets": [
              "subnet-04a4fe9bc92314834",
              "subnet-065d74ee3e9423a6d",
              "subnet-08243cd9b8ae816e1"
            ],
            "tags": {
              "KubernetesCluster": "geniusee.local",
              "Name": "api.geniusee.local",
              "kubernetes.io/cluster/geniusee.local": "owned"
            },
            "zone_id": "Z35SXDOTRQ7X7K"
          },
          "private": "bnVsbA==",
          "depends_on": [
            "aws_security_group.api-elb-geniusee-local"
          ]
        }
      ]
    },
    {
      "mode": "managed",
      "type": "aws_iam_instance_profile",
      "name": "masters-geniusee-local",
      "provider": "provider.aws",
      "instances": [
        {
          "schema_version": 0,
          "attributes": {
            "arn": "arn:aws:iam::329002494659:instance-profile/masters.geniusee.local",
            "create_date": "2019-12-16T10:52:57Z",
            "id": "masters.geniusee.local",
            "name": "masters.geniusee.local",
            "name_prefix": null,
            "path": "/",
            "role": "masters.geniusee.local",
            "roles": [],
            "unique_id": "AIPAUZGQTVLB7YUHZHPTQ"
          },
          "private": "bnVsbA==",
          "depends_on": [
            "aws_iam_role.masters-geniusee-local"
          ]
        }
      ]
    },
    {
      "mode": "managed",
      "type": "aws_iam_instance_profile",
      "name": "nodes-geniusee-local",
      "provider": "provider.aws",
      "instances": [
        {
          "schema_version": 0,
          "attributes": {
            "arn": "arn:aws:iam::329002494659:instance-profile/nodes.geniusee.local",
            "create_date": "2019-12-16T10:52:38Z",
            "id": "nodes.geniusee.local",
            "name": "nodes.geniusee.local",
            "name_prefix": null,
            "path": "/",
            "role": "nodes.geniusee.local",
            "roles": [],
            "unique_id": "AIPAUZGQTVLBUUKGWLKMA"
          },
          "private": "bnVsbA==",
          "depends_on": [
            "aws_iam_role.nodes-geniusee-local"
          ]
        }
      ]
    },
    {
      "mode": "managed",
      "type": "aws_iam_role",
      "name": "masters-geniusee-local",
      "provider": "provider.aws",
      "instances": [
        {
          "schema_version": 0,
          "attributes": {
            "arn": "arn:aws:iam::329002494659:role/masters.geniusee.local",
            "assume_role_policy": "{\"Version\":\"2012-10-17\",\"Statement\":[{\"Effect\":\"Allow\",\"Principal\":{\"Service\":\"ec2.amazonaws.com\"},\"Action\":\"sts:AssumeRole\"}]}",
            "create_date": "2019-12-16T10:52:40Z",
            "description": "",
            "force_detach_policies": false,
            "id": "masters.geniusee.local",
            "max_session_duration": 3600,
            "name": "masters.geniusee.local",
            "name_prefix": null,
            "path": "/",
            "permissions_boundary": null,
            "tags": null,
            "unique_id": "AROAUZGQTVLB2VFWUC3WU"
          },
          "private": "bnVsbA=="
        }
      ]
    },
    {
      "mode": "managed",
      "type": "aws_iam_role",
      "name": "nodes-geniusee-local",
      "provider": "provider.aws",
      "instances": [
        {
          "schema_version": 0,
          "attributes": {
            "arn": "arn:aws:iam::329002494659:role/nodes.geniusee.local",
            "assume_role_policy": "{\"Version\":\"2012-10-17\",\"Statement\":[{\"Effect\":\"Allow\",\"Principal\":{\"Service\":\"ec2.amazonaws.com\"},\"Action\":\"sts:AssumeRole\"}]}",
            "create_date": "2019-12-16T10:52:36Z",
            "description": "",
            "force_detach_policies": false,
            "id": "nodes.geniusee.local",
            "max_session_duration": 3600,
            "name": "nodes.geniusee.local",
            "name_prefix": null,
            "path": "/",
            "permissions_boundary": null,
            "tags": null,
            "unique_id": "AROAUZGQTVLBTW4UOKTD4"
          },
          "private": "bnVsbA=="
        }
      ]
    },
    {
      "mode": "managed",
      "type": "aws_iam_role_policy",
      "name": "masters-geniusee-local",
      "provider": "provider.aws",
      "instances": [
        {
          "schema_version": 0,
          "attributes": {
            "id": "masters.geniusee.local:masters.geniusee.local",
            "name": "masters.geniusee.local",
            "name_prefix": null,
            "policy": "{\n  \"Version\": \"2012-10-17\",\n  \"Statement\": [\n    {\n      \"Effect\": \"Allow\",\n      \"Action\": [\n        \"ec2:DescribeAccountAttributes\",\n        \"ec2:DescribeInstances\",\n        \"ec2:DescribeInternetGateways\",\n        \"ec2:DescribeRegions\",\n        \"ec2:DescribeRouteTables\",\n        \"ec2:DescribeSecurityGroups\",\n        \"ec2:DescribeSubnets\",\n        \"ec2:DescribeVolumes\"\n      ],\n      \"Resource\": [\n        \"*\"\n      ]\n    },\n    {\n      \"Effect\": \"Allow\",\n      \"Action\": [\n        \"ec2:CreateSecurityGroup\",\n        \"ec2:CreateTags\",\n        \"ec2:CreateVolume\",\n        \"ec2:DescribeVolumesModifications\",\n        \"ec2:ModifyInstanceAttribute\",\n        \"ec2:ModifyVolume\"\n      ],\n      \"Resource\": [\n        \"*\"\n      ]\n    },\n    {\n      \"Effect\": \"Allow\",\n      \"Action\": [\n        \"ec2:AttachVolume\",\n        \"ec2:AuthorizeSecurityGroupIngress\",\n        \"ec2:CreateRoute\",\n        \"ec2:DeleteRoute\",\n        \"ec2:DeleteSecurityGroup\",\n        \"ec2:DeleteVolume\",\n        \"ec2:DetachVolume\",\n        \"ec2:RevokeSecurityGroupIngress\"\n      ],\n      \"Resource\": [\n        \"*\"\n      ],\n      \"Condition\": {\n        \"StringEquals\": {\n          \"ec2:ResourceTag/KubernetesCluster\": \"geniusee.local\"\n        }\n      }\n    },\n    {\n      \"Effect\": \"Allow\",\n      \"Action\": [\n        \"autoscaling:DescribeAutoScalingGroups\",\n        \"autoscaling:DescribeLaunchConfigurations\",\n        \"autoscaling:DescribeTags\",\n        \"ec2:DescribeLaunchTemplateVersions\"\n      ],\n      \"Resource\": [\n        \"*\"\n      ]\n    },\n    {\n      \"Effect\": \"Allow\",\n      \"Action\": [\n        \"autoscaling:SetDesiredCapacity\",\n        \"autoscaling:TerminateInstanceInAutoScalingGroup\",\n        \"autoscaling:UpdateAutoScalingGroup\"\n      ],\n      \"Resource\": [\n        \"*\"\n      ],\n      \"Condition\": {\n        \"StringEquals\": {\n          \"autoscaling:ResourceTag/KubernetesCluster\": \"geniusee.local\"\n        }\n      }\n    },\n    {\n      \"Effect\": \"Allow\",\n      \"Action\": [\n        \"elasticloadbalancing:AddTags\",\n        \"elasticloadbalancing:AttachLoadBalancerToSubnets\",\n        \"elasticloadbalancing:ApplySecurityGroupsToLoadBalancer\",\n        \"elasticloadbalancing:CreateLoadBalancer\",\n        \"elasticloadbalancing:CreateLoadBalancerPolicy\",\n        \"elasticloadbalancing:CreateLoadBalancerListeners\",\n        \"elasticloadbalancing:ConfigureHealthCheck\",\n        \"elasticloadbalancing:DeleteLoadBalancer\",\n        \"elasticloadbalancing:DeleteLoadBalancerListeners\",\n        \"elasticloadbalancing:DescribeLoadBalancers\",\n        \"elasticloadbalancing:DescribeLoadBalancerAttributes\",\n        \"elasticloadbalancing:DetachLoadBalancerFromSubnets\",\n        \"elasticloadbalancing:DeregisterInstancesFromLoadBalancer\",\n        \"elasticloadbalancing:ModifyLoadBalancerAttributes\",\n        \"elasticloadbalancing:RegisterInstancesWithLoadBalancer\",\n        \"elasticloadbalancing:SetLoadBalancerPoliciesForBackendServer\"\n      ],\n      \"Resource\": [\n        \"*\"\n      ]\n    },\n    {\n      \"Effect\": \"Allow\",\n      \"Action\": [\n        \"ec2:DescribeVpcs\",\n        \"elasticloadbalancing:AddTags\",\n        \"elasticloadbalancing:CreateListener\",\n        \"elasticloadbalancing:CreateTargetGroup\",\n        \"elasticloadbalancing:DeleteListener\",\n        \"elasticloadbalancing:DeleteTargetGroup\",\n        \"elasticloadbalancing:DeregisterTargets\",\n        \"elasticloadbalancing:DescribeListeners\",\n        \"elasticloadbalancing:DescribeLoadBalancerPolicies\",\n        \"elasticloadbalancing:DescribeTargetGroups\",\n        \"elasticloadbalancing:DescribeTargetHealth\",\n        \"elasticloadbalancing:ModifyListener\",\n        \"elasticloadbalancing:ModifyTargetGroup\",\n        \"elasticloadbalancing:RegisterTargets\",\n        \"elasticloadbalancing:SetLoadBalancerPoliciesOfListener\"\n      ],\n      \"Resource\": [\n        \"*\"\n      ]\n    },\n    {\n      \"Effect\": \"Allow\",\n      \"Action\": [\n        \"iam:ListServerCertificates\",\n        \"iam:GetServerCertificate\"\n      ],\n      \"Resource\": [\n        \"*\"\n      ]\n    },\n    {\n      \"Effect\": \"Allow\",\n      \"Action\": [\n        \"s3:GetBucketLocation\",\n        \"s3:GetEncryptionConfiguration\",\n        \"s3:ListBucket\"\n      ],\n      \"Resource\": [\n        \"arn:aws:s3:::dev-kops-state-geniusee\"\n      ]\n    },\n    {\n      \"Effect\": \"Allow\",\n      \"Action\": [\n        \"s3:Get*\"\n      ],\n      \"Resource\": \"arn:aws:s3:::dev-kops-state-geniusee/geniusee.local/*\"\n    },\n    {\n      \"Effect\": \"Allow\",\n      \"Action\": [\n        \"route53:ChangeResourceRecordSets\",\n        \"route53:ListResourceRecordSets\",\n        \"route53:GetHostedZone\"\n      ],\n      \"Resource\": [\n        \"arn:aws:route53:::hostedzone/Z3OEIASIYSU3DB\"\n      ]\n    },\n    {\n      \"Effect\": \"Allow\",\n      \"Action\": [\n        \"route53:GetChange\"\n      ],\n      \"Resource\": [\n        \"arn:aws:route53:::change/*\"\n      ]\n    },\n    {\n      \"Effect\": \"Allow\",\n      \"Action\": [\n        \"route53:ListHostedZones\"\n      ],\n      \"Resource\": [\n        \"*\"\n      ]\n    },\n    {\n      \"Effect\": \"Allow\",\n      \"Action\": [\n        \"ecr:GetAuthorizationToken\",\n        \"ecr:BatchCheckLayerAvailability\",\n        \"ecr:GetDownloadUrlForLayer\",\n        \"ecr:GetRepositoryPolicy\",\n        \"ecr:DescribeRepositories\",\n        \"ecr:ListImages\",\n        \"ecr:BatchGetImage\"\n      ],\n      \"Resource\": [\n        \"*\"\n      ]\n    }\n  ]\n}",
            "role": "masters.geniusee.local"
          },
          "private": "bnVsbA==",
          "depends_on": [
            "aws_iam_role.masters-geniusee-local"
          ]
        }
      ]
    },
    {
      "mode": "managed",
      "type": "aws_iam_role_policy",
      "name": "nodes-geniusee-local",
      "provider": "provider.aws",
      "instances": [
        {
          "schema_version": 0,
          "attributes": {
            "id": "nodes.geniusee.local:nodes.geniusee.local",
            "name": "nodes.geniusee.local",
            "name_prefix": null,
            "policy": "{\n  \"Version\": \"2012-10-17\",\n  \"Statement\": [\n    {\n      \"Effect\": \"Allow\",\n      \"Action\": [\n        \"ec2:DescribeInstances\",\n        \"ec2:DescribeRegions\"\n      ],\n      \"Resource\": [\n        \"*\"\n      ]\n    },\n    {\n      \"Effect\": \"Allow\",\n      \"Action\": [\n        \"s3:GetBucketLocation\",\n        \"s3:GetEncryptionConfiguration\",\n        \"s3:ListBucket\"\n      ],\n      \"Resource\": [\n        \"arn:aws:s3:::dev-kops-state-geniusee\"\n      ]\n    },\n    {\n      \"Effect\": \"Allow\",\n      \"Action\": [\n        \"s3:Get*\"\n      ],\n      \"Resource\": [\n        \"arn:aws:s3:::dev-kops-state-geniusee/geniusee.local/addons/*\",\n        \"arn:aws:s3:::dev-kops-state-geniusee/geniusee.local/cluster.spec\",\n        \"arn:aws:s3:::dev-kops-state-geniusee/geniusee.local/config\",\n        \"arn:aws:s3:::dev-kops-state-geniusee/geniusee.local/instancegroup/*\",\n        \"arn:aws:s3:::dev-kops-state-geniusee/geniusee.local/pki/issued/*\",\n        \"arn:aws:s3:::dev-kops-state-geniusee/geniusee.local/pki/private/kube-proxy/*\",\n        \"arn:aws:s3:::dev-kops-state-geniusee/geniusee.local/pki/private/kubelet/*\",\n        \"arn:aws:s3:::dev-kops-state-geniusee/geniusee.local/pki/ssh/*\",\n        \"arn:aws:s3:::dev-kops-state-geniusee/geniusee.local/secrets/dockerconfig\"\n      ]\n    },\n    {\n      \"Effect\": \"Allow\",\n      \"Action\": [\n        \"ecr:GetAuthorizationToken\",\n        \"ecr:BatchCheckLayerAvailability\",\n        \"ecr:GetDownloadUrlForLayer\",\n        \"ecr:GetRepositoryPolicy\",\n        \"ecr:DescribeRepositories\",\n        \"ecr:ListImages\",\n        \"ecr:BatchGetImage\"\n      ],\n      \"Resource\": [\n        \"*\"\n      ]\n    }\n  ]\n}",
            "role": "nodes.geniusee.local"
          },
          "private": "bnVsbA==",
          "depends_on": [
            "aws_iam_role.nodes-geniusee-local"
          ]
        }
      ]
    },
    {
      "mode": "managed",
      "type": "aws_key_pair",
      "name": "kubernetes-geniusee-local-f5f74852711ef6201642b45e5e28006a",
      "provider": "provider.aws",
      "instances": [
        {
          "schema_version": 1,
          "attributes": {
            "fingerprint": "a9:04:f6:bd:96:4c:92:1a:03:6d:9c:a8:c9:57:f4:e8",
            "id": "kubernetes.geniusee.local-f5:f7:48:52:71:1e:f6:20:16:42:b4:5e:5e:28:00:6a",
            "key_name": "kubernetes.geniusee.local-f5:f7:48:52:71:1e:f6:20:16:42:b4:5e:5e:28:00:6a",
            "key_name_prefix": null,
            "public_key": "ssh-rsa AAAAB3NzaC1yc2EAAAADAQABAAACAQC5vVvuRRjrFImzdj6gyON1sx8TUXIk24B38wafiCHFYm9UW3/ptOhxh/v1m3OihN757GgBlh4Vox/uTNTzpFQvyxC4d1qPjkAuBz/edQlAaTn9W1S2TunVOu0QC21cCK+rhbeOMlqhdRLDF61eCbaaZDRn1D2roUEzlW9+9ugJRrtKm2eH+y2ioJ5qydWPDTTn5jCa5rG33JcUBqD23D0FT4yk/IRU+2zSercyOIiYh6ad21wnNYyBjiS7n0ME7zCiJZE8r+S1g1/JiXn0sQQbg54YsrxhcXKTrJOjzzW72bC2Rsqt1tylnCxKhrd5DQIhCVk0EIOhf9BUQPXpQLEF3vPiir9OXv3JxpJEJKda6yZmF6YlPU+c11wrYzBeOzC+KwiTJnJLXNsuiLD+thzytEa4IC0oRK/W4rOUM4Rrm20bC2ynBEJPRdM6en5+1EtYwMe8rhpfzejXYSVIxxp2HLmjlQVNpj4oVZ0cExxk7isTBPMcD/88hHE1+mpieN+wbU4E4lygRzewyTxB65qdUGhDPHqnIH7Q/rnj+rA6PzHAN0t+FkX0Lr1HPu2Swlk73XuWMZqm9VhiobzBDG98KotJZ/nlCS8qZmOSwgbG5S8D+xMBve4N2KkV8laaQyIXOT94P/iVOgTFYWQjpE67SJ3wM5a81VhXETIxvacqgQ== borisenko.alexandr@gmail.com"
          },
          "private": "eyJzY2hlbWFfdmVyc2lvbiI6IjEifQ=="
        }
      ]
    },
    {
      "mode": "managed",
      "type": "aws_launch_configuration",
      "name": "master-us-east-1a-masters-geniusee-local",
      "provider": "provider.aws",
      "instances": [
        {
          "schema_version": 0,
          "attributes": {
            "associate_public_ip_address": false,
            "ebs_block_device": [],
            "ebs_optimized": false,
            "enable_monitoring": false,
            "ephemeral_block_device": [],
            "iam_instance_profile": "masters.geniusee.local",
            "id": "master-us-east-1a.masters.geniusee.local-20191216105413440400000004",
            "image_id": "ami-00df8fdd204d6985d",
            "instance_type": "t2.medium",
            "key_name": "kubernetes.geniusee.local-f5:f7:48:52:71:1e:f6:20:16:42:b4:5e:5e:28:00:6a",
            "name": "master-us-east-1a.masters.geniusee.local-20191216105413440400000004",
            "name_prefix": "master-us-east-1a.masters.geniusee.local-",
            "placement_tenancy": null,
            "root_block_device": [
              {
                "delete_on_termination": true,
                "encrypted": false,
                "iops": 0,
                "volume_size": 64,
                "volume_type": "gp2"
              }
            ],
            "security_groups": [
              "sg-0caa959ff651e1d5d"
            ],
            "spot_price": "",
            "user_data": "4fc1906b9b3bc34a0514a836fcb4920eac506e6e",
            "user_data_base64": null,
            "vpc_classic_link_id": "",
            "vpc_classic_link_security_groups": null
          },
          "private": "bnVsbA==",
          "depends_on": [
            "aws_iam_instance_profile.masters-geniusee-local",
            "aws_key_pair.kubernetes-geniusee-local-f5f74852711ef6201642b45e5e28006a",
            "aws_security_group.masters-geniusee-local"
          ]
        }
      ]
    },
    {
      "mode": "managed",
      "type": "aws_launch_configuration",
      "name": "master-us-east-1b-masters-geniusee-local",
      "provider": "provider.aws",
      "instances": [
        {
          "schema_version": 0,
          "attributes": {
            "associate_public_ip_address": false,
            "ebs_block_device": [],
            "ebs_optimized": false,
            "enable_monitoring": false,
            "ephemeral_block_device": [],
            "iam_instance_profile": "masters.geniusee.local",
            "id": "master-us-east-1b.masters.geniusee.local-20191216105413435800000003",
            "image_id": "ami-00df8fdd204d6985d",
            "instance_type": "t2.medium",
            "key_name": "kubernetes.geniusee.local-f5:f7:48:52:71:1e:f6:20:16:42:b4:5e:5e:28:00:6a",
            "name": "master-us-east-1b.masters.geniusee.local-20191216105413435800000003",
            "name_prefix": "master-us-east-1b.masters.geniusee.local-",
            "placement_tenancy": null,
            "root_block_device": [
              {
                "delete_on_termination": true,
                "encrypted": false,
                "iops": 0,
                "volume_size": 64,
                "volume_type": "gp2"
              }
            ],
            "security_groups": [
              "sg-0caa959ff651e1d5d"
            ],
            "spot_price": "",
            "user_data": "7df393f392e18c71d0e55feeadbbff15872bec41",
            "user_data_base64": null,
            "vpc_classic_link_id": "",
            "vpc_classic_link_security_groups": null
          },
          "private": "bnVsbA==",
          "depends_on": [
            "aws_iam_instance_profile.masters-geniusee-local",
            "aws_key_pair.kubernetes-geniusee-local-f5f74852711ef6201642b45e5e28006a",
            "aws_security_group.masters-geniusee-local"
          ]
        }
      ]
    },
    {
      "mode": "managed",
      "type": "aws_launch_configuration",
      "name": "master-us-east-1c-masters-geniusee-local",
      "provider": "provider.aws",
      "instances": [
        {
          "schema_version": 0,
          "attributes": {
            "associate_public_ip_address": false,
            "ebs_block_device": [],
            "ebs_optimized": false,
            "enable_monitoring": false,
            "ephemeral_block_device": [],
            "iam_instance_profile": "masters.geniusee.local",
            "id": "master-us-east-1c.masters.geniusee.local-20191216105413416000000002",
            "image_id": "ami-00df8fdd204d6985d",
            "instance_type": "t2.medium",
            "key_name": "kubernetes.geniusee.local-f5:f7:48:52:71:1e:f6:20:16:42:b4:5e:5e:28:00:6a",
            "name": "master-us-east-1c.masters.geniusee.local-20191216105413416000000002",
            "name_prefix": "master-us-east-1c.masters.geniusee.local-",
            "placement_tenancy": null,
            "root_block_device": [
              {
                "delete_on_termination": true,
                "encrypted": false,
                "iops": 0,
                "volume_size": 64,
                "volume_type": "gp2"
              }
            ],
            "security_groups": [
              "sg-0caa959ff651e1d5d"
            ],
            "spot_price": "",
            "user_data": "2bf5a0ac3efe95e4394d438428c633930a51e76d",
            "user_data_base64": null,
            "vpc_classic_link_id": "",
            "vpc_classic_link_security_groups": null
          },
          "private": "bnVsbA==",
          "depends_on": [
            "aws_iam_instance_profile.masters-geniusee-local",
            "aws_key_pair.kubernetes-geniusee-local-f5f74852711ef6201642b45e5e28006a",
            "aws_security_group.masters-geniusee-local"
          ]
        }
      ]
    },
    {
      "mode": "managed",
      "type": "aws_launch_configuration",
      "name": "nodes-geniusee-local",
      "provider": "provider.aws",
      "instances": [
        {
          "schema_version": 0,
          "attributes": {
            "associate_public_ip_address": false,
            "ebs_block_device": [],
            "ebs_optimized": false,
            "enable_monitoring": false,
            "ephemeral_block_device": [],
            "iam_instance_profile": "nodes.geniusee.local",
            "id": "nodes.geniusee.local-20191216105413412200000001",
            "image_id": "ami-00df8fdd204d6985d",
            "instance_type": "t2.small",
            "key_name": "kubernetes.geniusee.local-f5:f7:48:52:71:1e:f6:20:16:42:b4:5e:5e:28:00:6a",
            "name": "nodes.geniusee.local-20191216105413412200000001",
            "name_prefix": "nodes.geniusee.local-",
            "placement_tenancy": null,
            "root_block_device": [
              {
                "delete_on_termination": true,
                "encrypted": false,
                "iops": 0,
                "volume_size": 128,
                "volume_type": "gp2"
              }
            ],
            "security_groups": [
              "sg-063e95f81276ee0ea"
            ],
            "spot_price": "",
            "user_data": "268709dc58e68bb33c0fda8d7517ac2b4b403a93",
            "user_data_base64": null,
            "vpc_classic_link_id": "",
            "vpc_classic_link_security_groups": null
          },
          "private": "bnVsbA==",
          "depends_on": [
            "aws_iam_instance_profile.nodes-geniusee-local",
            "aws_key_pair.kubernetes-geniusee-local-f5f74852711ef6201642b45e5e28006a",
            "aws_security_group.nodes-geniusee-local"
          ]
        }
      ]
    },
    {
      "mode": "managed",
      "type": "aws_route53_record",
      "name": "api-geniusee-local",
      "provider": "provider.aws",
      "instances": [
        {
          "schema_version": 2,
          "attributes": {
            "alias": [
              {
                "evaluate_target_health": false,
                "name": "api-geniusee-local-1o51g9-681115547.us-east-1.elb.amazonaws.com",
                "zone_id": "Z35SXDOTRQ7X7K"
              }
            ],
            "allow_overwrite": null,
            "failover_routing_policy": [],
            "fqdn": "api.geniusee.local",
            "geolocation_routing_policy": [],
            "health_check_id": null,
            "id": "Z3OEIASIYSU3DB_api.geniusee.local_A",
            "latency_routing_policy": [],
            "multivalue_answer_routing_policy": null,
            "name": "api.geniusee.local",
            "records": null,
            "set_identifier": null,
            "ttl": null,
            "type": "A",
            "weighted_routing_policy": [],
            "zone_id": "/hostedzone/Z3OEIASIYSU3DB"
          },
          "private": "eyJzY2hlbWFfdmVyc2lvbiI6IjIifQ==",
          "depends_on": [
            "aws_elb.api-geniusee-local"
          ]
        }
      ]
    },
    {
      "mode": "managed",
      "type": "aws_security_group",
      "name": "api-elb-geniusee-local",
      "provider": "provider.aws",
      "instances": [
        {
          "schema_version": 1,
          "attributes": {
            "arn": "arn:aws:ec2:us-east-1:329002494659:security-group/sg-099912f6ac3cb77d8",
            "description": "Security group for api ELB",
            "egress": [],
            "id": "sg-099912f6ac3cb77d8",
            "ingress": [],
            "name": "api-elb.geniusee.local",
            "name_prefix": null,
            "owner_id": "329002494659",
            "revoke_rules_on_delete": false,
            "tags": {
              "KubernetesCluster": "geniusee.local",
              "Name": "api-elb.geniusee.local",
              "kubernetes.io/cluster/geniusee.local": "owned"
            },
            "timeouts": null,
            "vpc_id": "vpc-02db6b8cd1dd7bd00"
          },
          "private": "eyJlMmJmYjczMC1lY2FhLTExZTYtOGY4OC0zNDM2M2JjN2M0YzAiOnsiY3JlYXRlIjo2MDAwMDAwMDAwMDAsImRlbGV0ZSI6NjAwMDAwMDAwMDAwfSwic2NoZW1hX3ZlcnNpb24iOiIxIn0="
        }
      ]
    },
    {
      "mode": "managed",
      "type": "aws_security_group",
      "name": "masters-geniusee-local",
      "provider": "provider.aws",
      "instances": [
        {
          "schema_version": 1,
          "attributes": {
            "arn": "arn:aws:ec2:us-east-1:329002494659:security-group/sg-0caa959ff651e1d5d",
            "description": "Security group for masters",
            "egress": [],
            "id": "sg-0caa959ff651e1d5d",
            "ingress": [],
            "name": "masters.geniusee.local",
            "name_prefix": null,
            "owner_id": "329002494659",
            "revoke_rules_on_delete": false,
            "tags": {
              "KubernetesCluster": "geniusee.local",
              "Name": "masters.geniusee.local",
              "kubernetes.io/cluster/geniusee.local": "owned"
            },
            "timeouts": null,
            "vpc_id": "vpc-02db6b8cd1dd7bd00"
          },
          "private": "eyJlMmJmYjczMC1lY2FhLTExZTYtOGY4OC0zNDM2M2JjN2M0YzAiOnsiY3JlYXRlIjo2MDAwMDAwMDAwMDAsImRlbGV0ZSI6NjAwMDAwMDAwMDAwfSwic2NoZW1hX3ZlcnNpb24iOiIxIn0="
        }
      ]
    },
    {
      "mode": "managed",
      "type": "aws_security_group",
      "name": "nodes-geniusee-local",
      "provider": "provider.aws",
      "instances": [
        {
          "schema_version": 1,
          "attributes": {
            "arn": "arn:aws:ec2:us-east-1:329002494659:security-group/sg-063e95f81276ee0ea",
            "description": "Security group for nodes",
            "egress": [],
            "id": "sg-063e95f81276ee0ea",
            "ingress": [],
            "name": "nodes.geniusee.local",
            "name_prefix": null,
            "owner_id": "329002494659",
            "revoke_rules_on_delete": false,
            "tags": {
              "KubernetesCluster": "geniusee.local",
              "Name": "nodes.geniusee.local",
              "kubernetes.io/cluster/geniusee.local": "owned"
            },
            "timeouts": null,
            "vpc_id": "vpc-02db6b8cd1dd7bd00"
          },
          "private": "eyJlMmJmYjczMC1lY2FhLTExZTYtOGY4OC0zNDM2M2JjN2M0YzAiOnsiY3JlYXRlIjo2MDAwMDAwMDAwMDAsImRlbGV0ZSI6NjAwMDAwMDAwMDAwfSwic2NoZW1hX3ZlcnNpb24iOiIxIn0="
        }
      ]
    },
    {
      "mode": "managed",
      "type": "aws_security_group_rule",
      "name": "all-master-to-master",
      "provider": "provider.aws",
      "instances": [
        {
          "schema_version": 2,
          "attributes": {
            "cidr_blocks": null,
            "description": null,
            "from_port": 0,
            "id": "sgrule-2581263177",
            "ipv6_cidr_blocks": null,
            "prefix_list_ids": null,
            "protocol": "-1",
            "security_group_id": "sg-0caa959ff651e1d5d",
            "self": false,
            "source_security_group_id": "sg-0caa959ff651e1d5d",
            "to_port": 0,
            "type": "ingress"
          },
          "private": "eyJzY2hlbWFfdmVyc2lvbiI6IjIifQ==",
          "depends_on": [
            "aws_security_group.masters-geniusee-local"
          ]
        }
      ]
    },
    {
      "mode": "managed",
      "type": "aws_security_group_rule",
      "name": "all-master-to-node",
      "provider": "provider.aws",
      "instances": [
        {
          "schema_version": 2,
          "attributes": {
            "cidr_blocks": null,
            "description": null,
            "from_port": 0,
            "id": "sgrule-2575006220",
            "ipv6_cidr_blocks": null,
            "prefix_list_ids": null,
            "protocol": "-1",
            "security_group_id": "sg-063e95f81276ee0ea",
            "self": false,
            "source_security_group_id": "sg-0caa959ff651e1d5d",
            "to_port": 0,
            "type": "ingress"
          },
          "private": "eyJzY2hlbWFfdmVyc2lvbiI6IjIifQ==",
          "depends_on": [
            "aws_security_group.masters-geniusee-local",
            "aws_security_group.nodes-geniusee-local"
          ]
        }
      ]
    },
    {
      "mode": "managed",
      "type": "aws_security_group_rule",
      "name": "all-node-to-node",
      "provider": "provider.aws",
      "instances": [
        {
          "schema_version": 2,
          "attributes": {
            "cidr_blocks": null,
            "description": null,
            "from_port": 0,
            "id": "sgrule-3004357613",
            "ipv6_cidr_blocks": null,
            "prefix_list_ids": null,
            "protocol": "-1",
            "security_group_id": "sg-063e95f81276ee0ea",
            "self": false,
            "source_security_group_id": "sg-063e95f81276ee0ea",
            "to_port": 0,
            "type": "ingress"
          },
          "private": "eyJzY2hlbWFfdmVyc2lvbiI6IjIifQ==",
          "depends_on": [
            "aws_security_group.nodes-geniusee-local"
          ]
        }
      ]
    },
    {
      "mode": "managed",
      "type": "aws_security_group_rule",
      "name": "api-elb-egress",
      "provider": "provider.aws",
      "instances": [
        {
          "schema_version": 2,
          "attributes": {
            "cidr_blocks": [
              "0.0.0.0/0"
            ],
            "description": null,
            "from_port": 0,
            "id": "sgrule-3944890888",
            "ipv6_cidr_blocks": null,
            "prefix_list_ids": null,
            "protocol": "-1",
            "security_group_id": "sg-099912f6ac3cb77d8",
            "self": false,
            "source_security_group_id": null,
            "to_port": 0,
            "type": "egress"
          },
          "private": "eyJzY2hlbWFfdmVyc2lvbiI6IjIifQ==",
          "depends_on": [
            "aws_security_group.api-elb-geniusee-local"
          ]
        }
      ]
    },
    {
      "mode": "managed",
      "type": "aws_security_group_rule",
      "name": "https-elb-to-master",
      "provider": "provider.aws",
      "instances": [
        {
          "schema_version": 2,
          "attributes": {
            "cidr_blocks": null,
            "description": null,
            "from_port": 443,
            "id": "sgrule-107424516",
            "ipv6_cidr_blocks": null,
            "prefix_list_ids": null,
            "protocol": "tcp",
            "security_group_id": "sg-0caa959ff651e1d5d",
            "self": false,
            "source_security_group_id": "sg-099912f6ac3cb77d8",
            "to_port": 443,
            "type": "ingress"
          },
          "private": "eyJzY2hlbWFfdmVyc2lvbiI6IjIifQ==",
          "depends_on": [
            "aws_security_group.api-elb-geniusee-local",
            "aws_security_group.masters-geniusee-local"
          ]
        }
      ]
    },
    {
      "mode": "managed",
      "type": "aws_security_group_rule",
      "name": "master-egress",
      "provider": "provider.aws",
      "instances": [
        {
          "schema_version": 2,
          "attributes": {
            "cidr_blocks": [
              "0.0.0.0/0"
            ],
            "description": null,
            "from_port": 0,
            "id": "sgrule-1284340553",
            "ipv6_cidr_blocks": null,
            "prefix_list_ids": null,
            "protocol": "-1",
            "security_group_id": "sg-0caa959ff651e1d5d",
            "self": false,
            "source_security_group_id": null,
            "to_port": 0,
            "type": "egress"
          },
          "private": "eyJzY2hlbWFfdmVyc2lvbiI6IjIifQ==",
          "depends_on": [
            "aws_security_group.masters-geniusee-local"
          ]
        }
      ]
    },
    {
      "mode": "managed",
      "type": "aws_security_group_rule",
      "name": "node-egress",
      "provider": "provider.aws",
      "instances": [
        {
          "schema_version": 2,
          "attributes": {
            "cidr_blocks": [
              "0.0.0.0/0"
            ],
            "description": null,
            "from_port": 0,
            "id": "sgrule-2270315439",
            "ipv6_cidr_blocks": null,
            "prefix_list_ids": null,
            "protocol": "-1",
            "security_group_id": "sg-063e95f81276ee0ea",
            "self": false,
            "source_security_group_id": null,
            "to_port": 0,
            "type": "egress"
          },
          "private": "eyJzY2hlbWFfdmVyc2lvbiI6IjIifQ==",
          "depends_on": [
            "aws_security_group.nodes-geniusee-local"
          ]
        }
      ]
    },
    {
      "mode": "managed",
      "type": "aws_security_group_rule",
      "name": "node-to-master-tcp-1-2379",
      "provider": "provider.aws",
      "instances": [
        {
          "schema_version": 2,
          "attributes": {
            "cidr_blocks": null,
            "description": null,
            "from_port": 1,
            "id": "sgrule-3519433694",
            "ipv6_cidr_blocks": null,
            "prefix_list_ids": null,
            "protocol": "tcp",
            "security_group_id": "sg-0caa959ff651e1d5d",
            "self": false,
            "source_security_group_id": "sg-063e95f81276ee0ea",
            "to_port": 2379,
            "type": "ingress"
          },
          "private": "eyJzY2hlbWFfdmVyc2lvbiI6IjIifQ==",
          "depends_on": [
            "aws_security_group.masters-geniusee-local",
            "aws_security_group.nodes-geniusee-local"
          ]
        }
      ]
    },
    {
      "mode": "managed",
      "type": "aws_security_group_rule",
      "name": "node-to-master-tcp-2382-4000",
      "provider": "provider.aws",
      "instances": [
        {
          "schema_version": 2,
          "attributes": {
            "cidr_blocks": null,
            "description": null,
            "from_port": 2382,
            "id": "sgrule-2516441415",
            "ipv6_cidr_blocks": null,
            "prefix_list_ids": null,
            "protocol": "tcp",
            "security_group_id": "sg-0caa959ff651e1d5d",
            "self": false,
            "source_security_group_id": "sg-063e95f81276ee0ea",
            "to_port": 4000,
            "type": "ingress"
          },
          "private": "eyJzY2hlbWFfdmVyc2lvbiI6IjIifQ==",
          "depends_on": [
            "aws_security_group.masters-geniusee-local",
            "aws_security_group.nodes-geniusee-local"
          ]
        }
      ]
    },
    {
      "mode": "managed",
      "type": "aws_security_group_rule",
      "name": "node-to-master-tcp-4003-65535",
      "provider": "provider.aws",
      "instances": [
        {
          "schema_version": 2,
          "attributes": {
            "cidr_blocks": null,
            "description": null,
            "from_port": 4003,
            "id": "sgrule-801644109",
            "ipv6_cidr_blocks": null,
            "prefix_list_ids": null,
            "protocol": "tcp",
            "security_group_id": "sg-0caa959ff651e1d5d",
            "self": false,
            "source_security_group_id": "sg-063e95f81276ee0ea",
            "to_port": 65535,
            "type": "ingress"
          },
          "private": "eyJzY2hlbWFfdmVyc2lvbiI6IjIifQ==",
          "depends_on": [
            "aws_security_group.masters-geniusee-local",
            "aws_security_group.nodes-geniusee-local"
          ]
        }
      ]
    },
    {
      "mode": "managed",
      "type": "aws_security_group_rule",
      "name": "node-to-master-udp-1-65535",
      "provider": "provider.aws",
      "instances": [
        {
          "schema_version": 2,
          "attributes": {
            "cidr_blocks": null,
            "description": null,
            "from_port": 1,
            "id": "sgrule-993467151",
            "ipv6_cidr_blocks": null,
            "prefix_list_ids": null,
            "protocol": "udp",
            "security_group_id": "sg-0caa959ff651e1d5d",
            "self": false,
            "source_security_group_id": "sg-063e95f81276ee0ea",
            "to_port": 65535,
            "type": "ingress"
          },
          "private": "eyJzY2hlbWFfdmVyc2lvbiI6IjIifQ==",
          "depends_on": [
            "aws_security_group.masters-geniusee-local",
            "aws_security_group.nodes-geniusee-local"
          ]
        }
      ]
    }
  ]
}
